
Microsoft Visual Studio Solution File, Format Version 12.00
# Visual Studio Version 17
VisualStudioVersion = 17.13.35931.197 d17.13
MinimumVisualStudioVersion = 10.0.40219.1
Project("{FAE04EC0-301F-11D3-BF4B-00C04F79EFBC}") = "Retail-Management-System", "Retail-Management-System.csproj", "{E70A26F0-E190-47C5-94CE-AF89B60D19B1}"
EndProject
Global
	GlobalSection(SolutionConfigurationPlatforms) = preSolution
		Debug|Any CPU = Debug|Any CPU
		Release|Any CPU = Release|Any CPU
	EndGlobalSection
	GlobalSection(ProjectConfigurationPlatforms) = postSolution
		{E70A26F0-E190-47C5-94CE-AF89B60D19B1}.Debug|Any CPU.ActiveCfg = Debug|Any CPU
		{E70A26F0-E190-47C5-94CE-AF89B60D19B1}.Debug|Any CPU.Build.0 = Debug|Any CPU
		{E70A26F0-E190-47C5-94CE-AF89B60D19B1}.Release|Any CPU.ActiveCfg = Release|Any CPU
		{E70A26F0-E190-47C5-94CE-AF89B60D19B1}.Release|Any CPU.Build.0 = Release|Any CPU
	EndGlobalSection
	GlobalSection(SolutionProperties) = preSolution
		HideSolutionNode = FALSE
	EndGlobalSection
	GlobalSection(ExtensibilityGlobals) = postSolution
		SolutionGuid = {B76E3C55-33DC-43C3-90AA-A3F28AC71F30}
	EndGlobalSection
EndGlobal
